
Microsoft Visual Studio Solution File, Format Version 12.00
# Visual Studio Version 17
VisualStudioVersion = 17.0.31903.59
MinimumVisualStudioVersion = 10.0.40219.1
Project("{2150E333-8FDC-42A3-9474-1A3956D46DE8}") = "src", "src", "{827E0CD3-B72D-47B6-A68D-7590B98EB39B}"
EndProject
Project("{FAE04EC0-301F-11D3-BF4B-00C04F79EFBC}") = "FundFlow.Api", "src\FundFlow.Api\FundFlow.Api.csproj", "{3683E283-7DDD-4EE3-801C-78CFF1977BB3}"
EndProject
Project("{FAE04EC0-301F-11D3-BF4B-00C04F79EFBC}") = "FundFlow.Application", "src\FundFlow.Application\FundFlow.Application.csproj", "{DF933FD5-27B7-43BE-B04D-4AC2829C3163}"
EndProject
Project("{FAE04EC0-301F-11D3-BF4B-00C04F79EFBC}") = "FundFlow.Domain", "src\FundFlow.Domain\FundFlow.Domain.csproj", "{E56F2650-D009-47C9-9F49-9D5B646615D0}"
EndProject
Project("{FAE04EC0-301F-11D3-BF4B-00C04F79EFBC}") = "FundFlow.Contracts", "src\FundFlow.Contracts\FundFlow.Contracts.csproj", "{C42ABAE0-C2EB-4DAA-B6EE-81B41A384054}"
EndProject
Project("{FAE04EC0-301F-11D3-BF4B-00C04F79EFBC}") = "FundFlow.Infrastructure", "src\FundFlow.Infrastructure\FundFlow.Infrastructure.csproj", "{63CA9F83-CB51-4300-80B5-BCAB81DE2EFE}"
EndProject
Project("{2150E333-8FDC-42A3-9474-1A3956D46DE8}") = "tests", "tests", "{0AB3BF05-4346-4AA6-1389-037BE0695223}"
EndProject
Project("{FAE04EC0-301F-11D3-BF4B-00C04F79EFBC}") = "FundFlow.Api.IntegrationTests", "tests\FundFlow.Api.IntegrationTests\FundFlow.Api.IntegrationTests.csproj", "{E1D87F8E-D6F5-47BD-97FA-8713E84F72B7}"
EndProject
Project("{FAE04EC0-301F-11D3-BF4B-00C04F79EFBC}") = "FundFlow.Application.Tests", "tests\FundFlow.Application.Tests\FundFlow.Application.Tests.csproj", "{7F213689-5C39-492D-834D-3BD6AB4BE677}"
EndProject
Project("{FAE04EC0-301F-11D3-BF4B-00C04F79EFBC}") = "FundFlow.Domain.Tests", "tests\FundFlow.Domain.Tests\FundFlow.Domain.Tests.csproj", "{138F40F1-CBE2-4A31-96DF-629DACA02C36}"
EndProject
Global
	GlobalSection(SolutionConfigurationPlatforms) = preSolution
		Debug|Any CPU = Debug|Any CPU
		Debug|x64 = Debug|x64
		Debug|x86 = Debug|x86
		Release|Any CPU = Release|Any CPU
		Release|x64 = Release|x64
		Release|x86 = Release|x86
	EndGlobalSection
	GlobalSection(ProjectConfigurationPlatforms) = postSolution
		{3683E283-7DDD-4EE3-801C-78CFF1977BB3}.Debug|Any CPU.ActiveCfg = Debug|Any CPU
		{3683E283-7DDD-4EE3-801C-78CFF1977BB3}.Debug|Any CPU.Build.0 = Debug|Any CPU
		{3683E283-7DDD-4EE3-801C-78CFF1977BB3}.Debug|x64.ActiveCfg = Debug|Any CPU
		{3683E283-7DDD-4EE3-801C-78CFF1977BB3}.Debug|x64.Build.0 = Debug|Any CPU
		{3683E283-7DDD-4EE3-801C-78CFF1977BB3}.Debug|x86.ActiveCfg = Debug|Any CPU
		{3683E283-7DDD-4EE3-801C-78CFF1977BB3}.Debug|x86.Build.0 = Debug|Any CPU
		{3683E283-7DDD-4EE3-801C-78CFF1977BB3}.Release|Any CPU.ActiveCfg = Release|Any CPU
		{3683E283-7DDD-4EE3-801C-78CFF1977BB3}.Release|Any CPU.Build.0 = Release|Any CPU
		{3683E283-7DDD-4EE3-801C-78CFF1977BB3}.Release|x64.ActiveCfg = Release|Any CPU
		{3683E283-7DDD-4EE3-801C-78CFF1977BB3}.Release|x64.Build.0 = Release|Any CPU
		{3683E283-7DDD-4EE3-801C-78CFF1977BB3}.Release|x86.ActiveCfg = Release|Any CPU
		{3683E283-7DDD-4EE3-801C-78CFF1977BB3}.Release|x86.Build.0 = Release|Any CPU
		{DF933FD5-27B7-43BE-B04D-4AC2829C3163}.Debug|Any CPU.ActiveCfg = Debug|Any CPU
		{DF933FD5-27B7-43BE-B04D-4AC2829C3163}.Debug|Any CPU.Build.0 = Debug|Any CPU
		{DF933FD5-27B7-43BE-B04D-4AC2829C3163}.Debug|x64.ActiveCfg = Debug|Any CPU
		{DF933FD5-27B7-43BE-B04D-4AC2829C3163}.Debug|x64.Build.0 = Debug|Any CPU
		{DF933FD5-27B7-43BE-B04D-4AC2829C3163}.Debug|x86.ActiveCfg = Debug|Any CPU
		{DF933FD5-27B7-43BE-B04D-4AC2829C3163}.Debug|x86.Build.0 = Debug|Any CPU
		{DF933FD5-27B7-43BE-B04D-4AC2829C3163}.Release|Any CPU.ActiveCfg = Release|Any CPU
		{DF933FD5-27B7-43BE-B04D-4AC2829C3163}.Release|Any CPU.Build.0 = Release|Any CPU
		{DF933FD5-27B7-43BE-B04D-4AC2829C3163}.Release|x64.ActiveCfg = Release|Any CPU
		{DF933FD5-27B7-43BE-B04D-4AC2829C3163}.Release|x64.Build.0 = Release|Any CPU
		{DF933FD5-27B7-43BE-B04D-4AC2829C3163}.Release|x86.ActiveCfg = Release|Any CPU
		{DF933FD5-27B7-43BE-B04D-4AC2829C3163}.Release|x86.Build.0 = Release|Any CPU
		{E56F2650-D009-47C9-9F49-9D5B646615D0}.Debug|Any CPU.ActiveCfg = Debug|Any CPU
		{E56F2650-D009-47C9-9F49-9D5B646615D0}.Debug|Any CPU.Build.0 = Debug|Any CPU
		{E56F2650-D009-47C9-9F49-9D5B646615D0}.Debug|x64.ActiveCfg = Debug|Any CPU
		{E56F2650-D009-47C9-9F49-9D5B646615D0}.Debug|x64.Build.0 = Debug|Any CPU
		{E56F2650-D009-47C9-9F49-9D5B646615D0}.Debug|x86.ActiveCfg = Debug|Any CPU
		{E56F2650-D009-47C9-9F49-9D5B646615D0}.Debug|x86.Build.0 = Debug|Any CPU
		{E56F2650-D009-47C9-9F49-9D5B646615D0}.Release|Any CPU.ActiveCfg = Release|Any CPU
		{E56F2650-D009-47C9-9F49-9D5B646615D0}.Release|Any CPU.Build.0 = Release|Any CPU
		{E56F2650-D009-47C9-9F49-9D5B646615D0}.Release|x64.ActiveCfg = Release|Any CPU
		{E56F2650-D009-47C9-9F49-9D5B646615D0}.Release|x64.Build.0 = Release|Any CPU
		{E56F2650-D009-47C9-9F49-9D5B646615D0}.Release|x86.ActiveCfg = Release|Any CPU
		{E56F2650-D009-47C9-9F49-9D5B646615D0}.Release|x86.Build.0 = Release|Any CPU
		{C42ABAE0-C2EB-4DAA-B6EE-81B41A384054}.Debug|Any CPU.ActiveCfg = Debug|Any CPU
		{C42ABAE0-C2EB-4DAA-B6EE-81B41A384054}.Debug|Any CPU.Build.0 = Debug|Any CPU
		{C42ABAE0-C2EB-4DAA-B6EE-81B41A384054}.Debug|x64.ActiveCfg = Debug|Any CPU
		{C42ABAE0-C2EB-4DAA-B6EE-81B41A384054}.Debug|x64.Build.0 = Debug|Any CPU
		{C42ABAE0-C2EB-4DAA-B6EE-81B41A384054}.Debug|x86.ActiveCfg = Debug|Any CPU
		{C42ABAE0-C2EB-4DAA-B6EE-81B41A384054}.Debug|x86.Build.0 = Debug|Any CPU
		{C42ABAE0-C2EB-4DAA-B6EE-81B41A384054}.Release|Any CPU.ActiveCfg = Release|Any CPU
		{C42ABAE0-C2EB-4DAA-B6EE-81B41A384054}.Release|Any CPU.Build.0 = Release|Any CPU
		{C42ABAE0-C2EB-4DAA-B6EE-81B41A384054}.Release|x64.ActiveCfg = Release|Any CPU
		{C42ABAE0-C2EB-4DAA-B6EE-81B41A384054}.Release|x64.Build.0 = Release|Any CPU
		{C42ABAE0-C2EB-4DAA-B6EE-81B41A384054}.Release|x86.ActiveCfg = Release|Any CPU
		{C42ABAE0-C2EB-4DAA-B6EE-81B41A384054}.Release|x86.Build.0 = Release|Any CPU
		{63CA9F83-CB51-4300-80B5-BCAB81DE2EFE}.Debug|Any CPU.ActiveCfg = Debug|Any CPU
		{63CA9F83-CB51-4300-80B5-BCAB81DE2EFE}.Debug|Any CPU.Build.0 = Debug|Any CPU
		{63CA9F83-CB51-4300-80B5-BCAB81DE2EFE}.Debug|x64.ActiveCfg = Debug|Any CPU
		{63CA9F83-CB51-4300-80B5-BCAB81DE2EFE}.Debug|x64.Build.0 = Debug|Any CPU
		{63CA9F83-CB51-4300-80B5-BCAB81DE2EFE}.Debug|x86.ActiveCfg = Debug|Any CPU
		{63CA9F83-CB51-4300-80B5-BCAB81DE2EFE}.Debug|x86.Build.0 = Debug|Any CPU
		{63CA9F83-CB51-4300-80B5-BCAB81DE2EFE}.Release|Any CPU.ActiveCfg = Release|Any CPU
		{63CA9F83-CB51-4300-80B5-BCAB81DE2EFE}.Release|Any CPU.Build.0 = Release|Any CPU
		{63CA9F83-CB51-4300-80B5-BCAB81DE2EFE}.Release|x64.ActiveCfg = Release|Any CPU
		{63CA9F83-CB51-4300-80B5-BCAB81DE2EFE}.Release|x64.Build.0 = Release|Any CPU
		{63CA9F83-CB51-4300-80B5-BCAB81DE2EFE}.Release|x86.ActiveCfg = Release|Any CPU
		{63CA9F83-CB51-4300-80B5-BCAB81DE2EFE}.Release|x86.Build.0 = Release|Any CPU
		{E1D87F8E-D6F5-47BD-97FA-8713E84F72B7}.Debug|Any CPU.ActiveCfg = Debug|Any CPU
		{E1D87F8E-D6F5-47BD-97FA-8713E84F72B7}.Debug|Any CPU.Build.0 = Debug|Any CPU
		{E1D87F8E-D6F5-47BD-97FA-8713E84F72B7}.Debug|x64.ActiveCfg = Debug|Any CPU
		{E1D87F8E-D6F5-47BD-97FA-8713E84F72B7}.Debug|x64.Build.0 = Debug|Any CPU
		{E1D87F8E-D6F5-47BD-97FA-8713E84F72B7}.Debug|x86.ActiveCfg = Debug|Any CPU
		{E1D87F8E-D6F5-47BD-97FA-8713E84F72B7}.Debug|x86.Build.0 = Debug|Any CPU
		{E1D87F8E-D6F5-47BD-97FA-8713E84F72B7}.Release|Any CPU.ActiveCfg = Release|Any CPU
		{E1D87F8E-D6F5-47BD-97FA-8713E84F72B7}.Release|Any CPU.Build.0 = Release|Any CPU
		{E1D87F8E-D6F5-47BD-97FA-8713E84F72B7}.Release|x64.ActiveCfg = Release|Any CPU
		{E1D87F8E-D6F5-47BD-97FA-8713E84F72B7}.Release|x64.Build.0 = Release|Any CPU
		{E1D87F8E-D6F5-47BD-97FA-8713E84F72B7}.Release|x86.ActiveCfg = Release|Any CPU
		{E1D87F8E-D6F5-47BD-97FA-8713E84F72B7}.Release|x86.Build.0 = Release|Any CPU
		{7F213689-5C39-492D-834D-3BD6AB4BE677}.Debug|Any CPU.ActiveCfg = Debug|Any CPU
		{7F213689-5C39-492D-834D-3BD6AB4BE677}.Debug|Any CPU.Build.0 = Debug|Any CPU
		{7F213689-5C39-492D-834D-3BD6AB4BE677}.Debug|x64.ActiveCfg = Debug|Any CPU
		{7F213689-5C39-492D-834D-3BD6AB4BE677}.Debug|x64.Build.0 = Debug|Any CPU
		{7F213689-5C39-492D-834D-3BD6AB4BE677}.Debug|x86.ActiveCfg = Debug|Any CPU
		{7F213689-5C39-492D-834D-3BD6AB4BE677}.Debug|x86.Build.0 = Debug|Any CPU
		{7F213689-5C39-492D-834D-3BD6AB4BE677}.Release|Any CPU.ActiveCfg = Release|Any CPU
		{7F213689-5C39-492D-834D-3BD6AB4BE677}.Release|Any CPU.Build.0 = Release|Any CPU
		{7F213689-5C39-492D-834D-3BD6AB4BE677}.Release|x64.ActiveCfg = Release|Any CPU
		{7F213689-5C39-492D-834D-3BD6AB4BE677}.Release|x64.Build.0 = Release|Any CPU
		{7F213689-5C39-492D-834D-3BD6AB4BE677}.Release|x86.ActiveCfg = Release|Any CPU
		{7F213689-5C39-492D-834D-3BD6AB4BE677}.Release|x86.Build.0 = Release|Any CPU
		{138F40F1-CBE2-4A31-96DF-629DACA02C36}.Debug|Any CPU.ActiveCfg = Debug|Any CPU
		{138F40F1-CBE2-4A31-96DF-629DACA02C36}.Debug|Any CPU.Build.0 = Debug|Any CPU
		{138F40F1-CBE2-4A31-96DF-629DACA02C36}.Debug|x64.ActiveCfg = Debug|Any CPU
		{138F40F1-CBE2-4A31-96DF-629DACA02C36}.Debug|x64.Build.0 = Debug|Any CPU
		{138F40F1-CBE2-4A31-96DF-629DACA02C36}.Debug|x86.ActiveCfg = Debug|Any CPU
		{138F40F1-CBE2-4A31-96DF-629DACA02C36}.Debug|x86.Build.0 = Debug|Any CPU
		{138F40F1-CBE2-4A31-96DF-629DACA02C36}.Release|Any CPU.ActiveCfg = Release|Any CPU
		{138F40F1-CBE2-4A31-96DF-629DACA02C36}.Release|Any CPU.Build.0 = Release|Any CPU
		{138F40F1-CBE2-4A31-96DF-629DACA02C36}.Release|x64.ActiveCfg = Release|Any CPU
		{138F40F1-CBE2-4A31-96DF-629DACA02C36}.Release|x64.Build.0 = Release|Any CPU
		{138F40F1-CBE2-4A31-96DF-629DACA02C36}.Release|x86.ActiveCfg = Release|Any CPU
		{138F40F1-CBE2-4A31-96DF-629DACA02C36}.Release|x86.Build.0 = Release|Any CPU
	EndGlobalSection
	GlobalSection(SolutionProperties) = preSolution
		HideSolutionNode = FALSE
	EndGlobalSection
	GlobalSection(NestedProjects) = preSolution
		{3683E283-7DDD-4EE3-801C-78CFF1977BB3} = {827E0CD3-B72D-47B6-A68D-7590B98EB39B}
		{DF933FD5-27B7-43BE-B04D-4AC2829C3163} = {827E0CD3-B72D-47B6-A68D-7590B98EB39B}
		{E56F2650-D009-47C9-9F49-9D5B646615D0} = {827E0CD3-B72D-47B6-A68D-7590B98EB39B}
		{C42ABAE0-C2EB-4DAA-B6EE-81B41A384054} = {827E0CD3-B72D-47B6-A68D-7590B98EB39B}
		{63CA9F83-CB51-4300-80B5-BCAB81DE2EFE} = {827E0CD3-B72D-47B6-A68D-7590B98EB39B}
		{E1D87F8E-D6F5-47BD-97FA-8713E84F72B7} = {0AB3BF05-4346-4AA6-1389-037BE0695223}
		{7F213689-5C39-492D-834D-3BD6AB4BE677} = {0AB3BF05-4346-4AA6-1389-037BE0695223}
		{138F40F1-CBE2-4A31-96DF-629DACA02C36} = {0AB3BF05-4346-4AA6-1389-037BE0695223}
	EndGlobalSection
EndGlobal
